
Microsoft Visual Studio Solution File, Format Version 12.00
# Visual Studio Express 2012 for Web
Project("{FAE04EC0-301F-11D3-BF4B-00C04F79EFBC}") = "EncompassWebAPI", "EncompassWebAPI\EncompassWebAPI.csproj", "{89B4F490-CCB5-4EED-A437-B81E24B0EC6B}"
EndProject
Global
	GlobalSection(SolutionConfigurationPlatforms) = preSolution
		Debug|Any CPU = Debug|Any CPU
		Release|Any CPU = Release|Any CPU
	EndGlobalSection
	GlobalSection(ProjectConfigurationPlatforms) = postSolution
		{89B4F490-CCB5-4EED-A437-B81E24B0EC6B}.Debug|Any CPU.ActiveCfg = Debug|Any CPU
		{89B4F490-CCB5-4EED-A437-B81E24B0EC6B}.Debug|Any CPU.Build.0 = Debug|Any CPU
		{89B4F490-CCB5-4EED-A437-B81E24B0EC6B}.Release|Any CPU.ActiveCfg = Release|Any CPU
		{89B4F490-CCB5-4EED-A437-B81E24B0EC6B}.Release|Any CPU.Build.0 = Release|Any CPU
	EndGlobalSection
	GlobalSection(SolutionProperties) = preSolution
		HideSolutionNode = FALSE
	EndGlobalSection
EndGlobal
